
Microsoft Visual Studio Solution File, Format Version 12.00
# Visual Studio Version 16
VisualStudioVersion = 16.0.31702.278
MinimumVisualStudioVersion = 10.0.40219.1
Project("{9A19103F-16F7-4668-BE54-9A1E7A4F7556}") = "Shining", "Shining\Shining.csproj", "{BA02A2C1-BD49-46C6-8090-CD944FA1EEF6}"
EndProject
Project("{9A19103F-16F7-4668-BE54-9A1E7A4F7556}") = "DTOs", "DTOs\DTOs.csproj", "{6180F23F-E6B3-4F03-B6E3-D3827A4216B6}"
EndProject
Project("{9A19103F-16F7-4668-BE54-9A1E7A4F7556}") = "Services", "Services\Services.csproj", "{6D19B326-61E1-4513-8901-D3288DC8039F}"
EndProject
Project("{9A19103F-16F7-4668-BE54-9A1E7A4F7556}") = "Domain", "Domain\Domain.csproj", "{468C63B6-41A6-421E-A8C5-E5B4FB0B410C}"
EndProject
Project("{9A19103F-16F7-4668-BE54-9A1E7A4F7556}") = "Infrastructure", "Infrastructure\Infrastructure.csproj", "{CAD695B6-87BE-4920-B0A8-74829C65C5FA}"
EndProject
Global
	GlobalSection(SolutionConfigurationPlatforms) = preSolution
		Debug|Any CPU = Debug|Any CPU
		Release|Any CPU = Release|Any CPU
	EndGlobalSection
	GlobalSection(ProjectConfigurationPlatforms) = postSolution
		{BA02A2C1-BD49-46C6-8090-CD944FA1EEF6}.Debug|Any CPU.ActiveCfg = Debug|Any CPU
		{BA02A2C1-BD49-46C6-8090-CD944FA1EEF6}.Debug|Any CPU.Build.0 = Debug|Any CPU
		{BA02A2C1-BD49-46C6-8090-CD944FA1EEF6}.Release|Any CPU.ActiveCfg = Release|Any CPU
		{BA02A2C1-BD49-46C6-8090-CD944FA1EEF6}.Release|Any CPU.Build.0 = Release|Any CPU
		{6180F23F-E6B3-4F03-B6E3-D3827A4216B6}.Debug|Any CPU.ActiveCfg = Debug|Any CPU
		{6180F23F-E6B3-4F03-B6E3-D3827A4216B6}.Debug|Any CPU.Build.0 = Debug|Any CPU
		{6180F23F-E6B3-4F03-B6E3-D3827A4216B6}.Release|Any CPU.ActiveCfg = Release|Any CPU
		{6180F23F-E6B3-4F03-B6E3-D3827A4216B6}.Release|Any CPU.Build.0 = Release|Any CPU
		{6D19B326-61E1-4513-8901-D3288DC8039F}.Debug|Any CPU.ActiveCfg = Debug|Any CPU
		{6D19B326-61E1-4513-8901-D3288DC8039F}.Debug|Any CPU.Build.0 = Debug|Any CPU
		{6D19B326-61E1-4513-8901-D3288DC8039F}.Release|Any CPU.ActiveCfg = Release|Any CPU
		{6D19B326-61E1-4513-8901-D3288DC8039F}.Release|Any CPU.Build.0 = Release|Any CPU
		{468C63B6-41A6-421E-A8C5-E5B4FB0B410C}.Debug|Any CPU.ActiveCfg = Debug|Any CPU
		{468C63B6-41A6-421E-A8C5-E5B4FB0B410C}.Debug|Any CPU.Build.0 = Debug|Any CPU
		{468C63B6-41A6-421E-A8C5-E5B4FB0B410C}.Release|Any CPU.ActiveCfg = Release|Any CPU
		{468C63B6-41A6-421E-A8C5-E5B4FB0B410C}.Release|Any CPU.Build.0 = Release|Any CPU
		{CAD695B6-87BE-4920-B0A8-74829C65C5FA}.Debug|Any CPU.ActiveCfg = Debug|Any CPU
		{CAD695B6-87BE-4920-B0A8-74829C65C5FA}.Debug|Any CPU.Build.0 = Debug|Any CPU
		{CAD695B6-87BE-4920-B0A8-74829C65C5FA}.Release|Any CPU.ActiveCfg = Release|Any CPU
		{CAD695B6-87BE-4920-B0A8-74829C65C5FA}.Release|Any CPU.Build.0 = Release|Any CPU
	EndGlobalSection
	GlobalSection(SolutionProperties) = preSolution
		HideSolutionNode = FALSE
	EndGlobalSection
	GlobalSection(ExtensibilityGlobals) = postSolution
		SolutionGuid = {CE42F831-A2D6-40C8-9C5F-C7051880DDEF}
	EndGlobalSection
EndGlobal
